
Microsoft Visual Studio Solution File, Format Version 12.00
# Visual Studio 15
VisualStudioVersion = 15.0.28307.572
MinimumVisualStudioVersion = 10.0.40219.1
Project("{9A19103F-16F7-4668-BE54-9A1E7A4F7556}") = "1235", "1235\1235.csproj", "{FBFA923E-B06E-4AB1-A8C2-665C80719FD2}"
EndProject
Project("{9A19103F-16F7-4668-BE54-9A1E7A4F7556}") = "1170", "1170\1170.csproj", "{FA00CFEA-C5F9-4C11-BCEC-E4BFC6C18D24}"
EndProject
Project("{9A19103F-16F7-4668-BE54-9A1E7A4F7556}") = "1255", "1255\1255.csproj", "{014E041A-2E65-43BF-8F74-A8D3DA52A12D}"
EndProject
Project("{9A19103F-16F7-4668-BE54-9A1E7A4F7556}") = "1169", "1169\1169.csproj", "{10FE6284-5FCD-486D-95CE-8C5D8AFE8221}"
EndProject
Project("{9A19103F-16F7-4668-BE54-9A1E7A4F7556}") = "1244", "1244\1244.csproj", "{42A85B68-094B-4892-93F6-A3F0DDA516F3}"
EndProject
Project("{9A19103F-16F7-4668-BE54-9A1E7A4F7556}") = "1026", "1026\1026.csproj", "{A8227EBC-166C-4374-BF13-C676EA842743}"
EndProject
Project("{9A19103F-16F7-4668-BE54-9A1E7A4F7556}") = "1018", "1018\1018.csproj", "{6A25CE7A-8D3C-4887-8A02-1498BBDFC8A2}"
EndProject
Project("{9A19103F-16F7-4668-BE54-9A1E7A4F7556}") = "1551", "1551\1551.csproj", "{EE0E9762-0B4E-43D2-B031-06369517DD18}"
EndProject
Project("{9A19103F-16F7-4668-BE54-9A1E7A4F7556}") = "1140", "1140\1140.csproj", "{83252CA2-6E47-475E-A02E-A8054EC5519D}"
EndProject
Project("{9A19103F-16F7-4668-BE54-9A1E7A4F7556}") = "1171", "1171\1171.csproj", "{4DA9AC16-8CE5-4C35-AB14-58690E9D2EB1}"
EndProject
Project("{9A19103F-16F7-4668-BE54-9A1E7A4F7556}") = "1068", "1068\1068.csproj", "{5417349C-3683-415C-ADC1-A41665FCE5C4}"
EndProject
Project("{9A19103F-16F7-4668-BE54-9A1E7A4F7556}") = "1709", "1709\1709.csproj", "{8935FE4E-F91F-4E39-A342-224E84035B53}"
EndProject
Project("{9A19103F-16F7-4668-BE54-9A1E7A4F7556}") = "1025", "1025\1025.csproj", "{8A880AC9-280D-4C49-B326-EDCEB2614758}"
EndProject
Project("{9A19103F-16F7-4668-BE54-9A1E7A4F7556}") = "1728", "1728\1728.csproj", "{E4829F95-9BD4-4FBD-8132-9932C4C5B59D}"
EndProject
Project("{9A19103F-16F7-4668-BE54-9A1E7A4F7556}") = "1739", "1739\1739.csproj", "{19E56E49-1BD8-455B-96C7-971231C1C3F5}"
EndProject
Project("{9A19103F-16F7-4668-BE54-9A1E7A4F7556}") = "1332", "1332\1332.csproj", "{BAD9D264-4C13-41DB-BE8B-656DA61927C1}"
EndProject
Project("{9A19103F-16F7-4668-BE54-9A1E7A4F7556}") = "2958", "2958\2958.csproj", "{BE7AE95D-2370-4496-873F-881AEC3F7622}"
EndProject
Project("{FAE04EC0-301F-11D3-BF4B-00C04F79EFBC}") = "1249", "1249\1249.csproj", "{4FA4508A-5829-4764-B03B-805A92AE3323}"
EndProject
Global
	GlobalSection(SolutionConfigurationPlatforms) = preSolution
		Debug|Any CPU = Debug|Any CPU
		Release|Any CPU = Release|Any CPU
	EndGlobalSection
	GlobalSection(ProjectConfigurationPlatforms) = postSolution
		{FBFA923E-B06E-4AB1-A8C2-665C80719FD2}.Debug|Any CPU.ActiveCfg = Debug|Any CPU
		{FBFA923E-B06E-4AB1-A8C2-665C80719FD2}.Debug|Any CPU.Build.0 = Debug|Any CPU
		{FBFA923E-B06E-4AB1-A8C2-665C80719FD2}.Release|Any CPU.ActiveCfg = Release|Any CPU
		{FBFA923E-B06E-4AB1-A8C2-665C80719FD2}.Release|Any CPU.Build.0 = Release|Any CPU
		{FA00CFEA-C5F9-4C11-BCEC-E4BFC6C18D24}.Debug|Any CPU.ActiveCfg = Debug|Any CPU
		{FA00CFEA-C5F9-4C11-BCEC-E4BFC6C18D24}.Debug|Any CPU.Build.0 = Debug|Any CPU
		{FA00CFEA-C5F9-4C11-BCEC-E4BFC6C18D24}.Release|Any CPU.ActiveCfg = Release|Any CPU
		{FA00CFEA-C5F9-4C11-BCEC-E4BFC6C18D24}.Release|Any CPU.Build.0 = Release|Any CPU
		{014E041A-2E65-43BF-8F74-A8D3DA52A12D}.Debug|Any CPU.ActiveCfg = Debug|Any CPU
		{014E041A-2E65-43BF-8F74-A8D3DA52A12D}.Debug|Any CPU.Build.0 = Debug|Any CPU
		{014E041A-2E65-43BF-8F74-A8D3DA52A12D}.Release|Any CPU.ActiveCfg = Release|Any CPU
		{014E041A-2E65-43BF-8F74-A8D3DA52A12D}.Release|Any CPU.Build.0 = Release|Any CPU
		{10FE6284-5FCD-486D-95CE-8C5D8AFE8221}.Debug|Any CPU.ActiveCfg = Debug|Any CPU
		{10FE6284-5FCD-486D-95CE-8C5D8AFE8221}.Debug|Any CPU.Build.0 = Debug|Any CPU
		{10FE6284-5FCD-486D-95CE-8C5D8AFE8221}.Release|Any CPU.ActiveCfg = Release|Any CPU
		{10FE6284-5FCD-486D-95CE-8C5D8AFE8221}.Release|Any CPU.Build.0 = Release|Any CPU
		{42A85B68-094B-4892-93F6-A3F0DDA516F3}.Debug|Any CPU.ActiveCfg = Debug|Any CPU
		{42A85B68-094B-4892-93F6-A3F0DDA516F3}.Debug|Any CPU.Build.0 = Debug|Any CPU
		{42A85B68-094B-4892-93F6-A3F0DDA516F3}.Release|Any CPU.ActiveCfg = Release|Any CPU
		{42A85B68-094B-4892-93F6-A3F0DDA516F3}.Release|Any CPU.Build.0 = Release|Any CPU
		{A8227EBC-166C-4374-BF13-C676EA842743}.Debug|Any CPU.ActiveCfg = Debug|Any CPU
		{A8227EBC-166C-4374-BF13-C676EA842743}.Debug|Any CPU.Build.0 = Debug|Any CPU
		{A8227EBC-166C-4374-BF13-C676EA842743}.Release|Any CPU.ActiveCfg = Release|Any CPU
		{A8227EBC-166C-4374-BF13-C676EA842743}.Release|Any CPU.Build.0 = Release|Any CPU
		{6A25CE7A-8D3C-4887-8A02-1498BBDFC8A2}.Debug|Any CPU.ActiveCfg = Debug|Any CPU
		{6A25CE7A-8D3C-4887-8A02-1498BBDFC8A2}.Debug|Any CPU.Build.0 = Debug|Any CPU
		{6A25CE7A-8D3C-4887-8A02-1498BBDFC8A2}.Release|Any CPU.ActiveCfg = Release|Any CPU
		{6A25CE7A-8D3C-4887-8A02-1498BBDFC8A2}.Release|Any CPU.Build.0 = Release|Any CPU
		{EE0E9762-0B4E-43D2-B031-06369517DD18}.Debug|Any CPU.ActiveCfg = Debug|Any CPU
		{EE0E9762-0B4E-43D2-B031-06369517DD18}.Debug|Any CPU.Build.0 = Debug|Any CPU
		{EE0E9762-0B4E-43D2-B031-06369517DD18}.Release|Any CPU.ActiveCfg = Release|Any CPU
		{EE0E9762-0B4E-43D2-B031-06369517DD18}.Release|Any CPU.Build.0 = Release|Any CPU
		{83252CA2-6E47-475E-A02E-A8054EC5519D}.Debug|Any CPU.ActiveCfg = Debug|Any CPU
		{83252CA2-6E47-475E-A02E-A8054EC5519D}.Debug|Any CPU.Build.0 = Debug|Any CPU
		{83252CA2-6E47-475E-A02E-A8054EC5519D}.Release|Any CPU.ActiveCfg = Release|Any CPU
		{83252CA2-6E47-475E-A02E-A8054EC5519D}.Release|Any CPU.Build.0 = Release|Any CPU
		{4DA9AC16-8CE5-4C35-AB14-58690E9D2EB1}.Debug|Any CPU.ActiveCfg = Debug|Any CPU
		{4DA9AC16-8CE5-4C35-AB14-58690E9D2EB1}.Debug|Any CPU.Build.0 = Debug|Any CPU
		{4DA9AC16-8CE5-4C35-AB14-58690E9D2EB1}.Release|Any CPU.ActiveCfg = Release|Any CPU
		{4DA9AC16-8CE5-4C35-AB14-58690E9D2EB1}.Release|Any CPU.Build.0 = Release|Any CPU
		{5417349C-3683-415C-ADC1-A41665FCE5C4}.Debug|Any CPU.ActiveCfg = Debug|Any CPU
		{5417349C-3683-415C-ADC1-A41665FCE5C4}.Debug|Any CPU.Build.0 = Debug|Any CPU
		{5417349C-3683-415C-ADC1-A41665FCE5C4}.Release|Any CPU.ActiveCfg = Release|Any CPU
		{5417349C-3683-415C-ADC1-A41665FCE5C4}.Release|Any CPU.Build.0 = Release|Any CPU
		{8935FE4E-F91F-4E39-A342-224E84035B53}.Debug|Any CPU.ActiveCfg = Debug|Any CPU
		{8935FE4E-F91F-4E39-A342-224E84035B53}.Debug|Any CPU.Build.0 = Debug|Any CPU
		{8935FE4E-F91F-4E39-A342-224E84035B53}.Release|Any CPU.ActiveCfg = Release|Any CPU
		{8935FE4E-F91F-4E39-A342-224E84035B53}.Release|Any CPU.Build.0 = Release|Any CPU
		{8A880AC9-280D-4C49-B326-EDCEB2614758}.Debug|Any CPU.ActiveCfg = Debug|Any CPU
		{8A880AC9-280D-4C49-B326-EDCEB2614758}.Debug|Any CPU.Build.0 = Debug|Any CPU
		{8A880AC9-280D-4C49-B326-EDCEB2614758}.Release|Any CPU.ActiveCfg = Release|Any CPU
		{8A880AC9-280D-4C49-B326-EDCEB2614758}.Release|Any CPU.Build.0 = Release|Any CPU
		{E4829F95-9BD4-4FBD-8132-9932C4C5B59D}.Debug|Any CPU.ActiveCfg = Debug|Any CPU
		{E4829F95-9BD4-4FBD-8132-9932C4C5B59D}.Debug|Any CPU.Build.0 = Debug|Any CPU
		{E4829F95-9BD4-4FBD-8132-9932C4C5B59D}.Release|Any CPU.ActiveCfg = Release|Any CPU
		{E4829F95-9BD4-4FBD-8132-9932C4C5B59D}.Release|Any CPU.Build.0 = Release|Any CPU
		{19E56E49-1BD8-455B-96C7-971231C1C3F5}.Debug|Any CPU.ActiveCfg = Debug|Any CPU
		{19E56E49-1BD8-455B-96C7-971231C1C3F5}.Debug|Any CPU.Build.0 = Debug|Any CPU
		{19E56E49-1BD8-455B-96C7-971231C1C3F5}.Release|Any CPU.ActiveCfg = Release|Any CPU
		{19E56E49-1BD8-455B-96C7-971231C1C3F5}.Release|Any CPU.Build.0 = Release|Any CPU
		{BAD9D264-4C13-41DB-BE8B-656DA61927C1}.Debug|Any CPU.ActiveCfg = Debug|Any CPU
		{BAD9D264-4C13-41DB-BE8B-656DA61927C1}.Debug|Any CPU.Build.0 = Debug|Any CPU
		{BAD9D264-4C13-41DB-BE8B-656DA61927C1}.Release|Any CPU.ActiveCfg = Release|Any CPU
		{BAD9D264-4C13-41DB-BE8B-656DA61927C1}.Release|Any CPU.Build.0 = Release|Any CPU
		{BE7AE95D-2370-4496-873F-881AEC3F7622}.Debug|Any CPU.ActiveCfg = Debug|Any CPU
		{BE7AE95D-2370-4496-873F-881AEC3F7622}.Debug|Any CPU.Build.0 = Debug|Any CPU
		{BE7AE95D-2370-4496-873F-881AEC3F7622}.Release|Any CPU.ActiveCfg = Release|Any CPU
		{BE7AE95D-2370-4496-873F-881AEC3F7622}.Release|Any CPU.Build.0 = Release|Any CPU
		{4FA4508A-5829-4764-B03B-805A92AE3323}.Debug|Any CPU.ActiveCfg = Debug|Any CPU
		{4FA4508A-5829-4764-B03B-805A92AE3323}.Debug|Any CPU.Build.0 = Debug|Any CPU
		{4FA4508A-5829-4764-B03B-805A92AE3323}.Release|Any CPU.ActiveCfg = Release|Any CPU
		{4FA4508A-5829-4764-B03B-805A92AE3323}.Release|Any CPU.Build.0 = Release|Any CPU
	EndGlobalSection
	GlobalSection(SolutionProperties) = preSolution
		HideSolutionNode = FALSE
	EndGlobalSection
	GlobalSection(ExtensibilityGlobals) = postSolution
		SolutionGuid = {18EDF09B-A97D-4983-99AA-7B673C687C55}
	EndGlobalSection
EndGlobal
